
Microsoft Visual Studio Solution File, Format Version 12.00
# Visual Studio Version 16
VisualStudioVersion = 16.0.29519.181
MinimumVisualStudioVersion = 10.0.40219.1
Project("{FAE04EC0-301F-11D3-BF4B-00C04F79EFBC}") = "PayCompute.UI", "PayCompute.UI\PayCompute.UI.csproj", "{6FE95736-3879-45F5-8DC3-7D3CFE4B9C6B}"
EndProject
Project("{FAE04EC0-301F-11D3-BF4B-00C04F79EFBC}") = "PayCompute.Services", "PayCompute.Services\PayCompute.Services.csproj", "{EA6DC453-E508-4040-9519-98738DF967A7}"
EndProject
Project("{FAE04EC0-301F-11D3-BF4B-00C04F79EFBC}") = "PayCompute.Entity", "PayCompute.Entity\PayCompute.Entity.csproj", "{583F8E14-6552-4163-951A-E4B9D82B7833}"
EndProject
Project("{FAE04EC0-301F-11D3-BF4B-00C04F79EFBC}") = "PayCompute.Persistence", "PayCompute.Persistence\PayCompute.Persistence.csproj", "{49DF097A-D438-4A64-9A7C-60A2CAAC79BF}"
EndProject
Global
	GlobalSection(SolutionConfigurationPlatforms) = preSolution
		Debug|Any CPU = Debug|Any CPU
		Release|Any CPU = Release|Any CPU
	EndGlobalSection
	GlobalSection(ProjectConfigurationPlatforms) = postSolution
		{6FE95736-3879-45F5-8DC3-7D3CFE4B9C6B}.Debug|Any CPU.ActiveCfg = Debug|Any CPU
		{6FE95736-3879-45F5-8DC3-7D3CFE4B9C6B}.Debug|Any CPU.Build.0 = Debug|Any CPU
		{6FE95736-3879-45F5-8DC3-7D3CFE4B9C6B}.Release|Any CPU.ActiveCfg = Release|Any CPU
		{6FE95736-3879-45F5-8DC3-7D3CFE4B9C6B}.Release|Any CPU.Build.0 = Release|Any CPU
		{EA6DC453-E508-4040-9519-98738DF967A7}.Debug|Any CPU.ActiveCfg = Debug|Any CPU
		{EA6DC453-E508-4040-9519-98738DF967A7}.Debug|Any CPU.Build.0 = Debug|Any CPU
		{EA6DC453-E508-4040-9519-98738DF967A7}.Release|Any CPU.ActiveCfg = Release|Any CPU
		{EA6DC453-E508-4040-9519-98738DF967A7}.Release|Any CPU.Build.0 = Release|Any CPU
		{583F8E14-6552-4163-951A-E4B9D82B7833}.Debug|Any CPU.ActiveCfg = Debug|Any CPU
		{583F8E14-6552-4163-951A-E4B9D82B7833}.Debug|Any CPU.Build.0 = Debug|Any CPU
		{583F8E14-6552-4163-951A-E4B9D82B7833}.Release|Any CPU.ActiveCfg = Release|Any CPU
		{583F8E14-6552-4163-951A-E4B9D82B7833}.Release|Any CPU.Build.0 = Release|Any CPU
		{49DF097A-D438-4A64-9A7C-60A2CAAC79BF}.Debug|Any CPU.ActiveCfg = Debug|Any CPU
		{49DF097A-D438-4A64-9A7C-60A2CAAC79BF}.Debug|Any CPU.Build.0 = Debug|Any CPU
		{49DF097A-D438-4A64-9A7C-60A2CAAC79BF}.Release|Any CPU.ActiveCfg = Release|Any CPU
		{49DF097A-D438-4A64-9A7C-60A2CAAC79BF}.Release|Any CPU.Build.0 = Release|Any CPU
	EndGlobalSection
	GlobalSection(SolutionProperties) = preSolution
		HideSolutionNode = FALSE
	EndGlobalSection
	GlobalSection(ExtensibilityGlobals) = postSolution
		SolutionGuid = {909AC3F1-CB76-43E3-9177-24535DC1EA41}
	EndGlobalSection
EndGlobal
